{
  "version": 4,
  "terraform_version": "1.3.5",
  "serial": 131,
  "lineage": "c44a7746-e7e9-5da2-b17a-bea3b4abe87f",
  "outputs": {},
  "resources": [
    {
      "mode": "managed",
      "type": "google_compute_network",
      "name": "vpc-main",
      "provider": "provider[\"registry.terraform.io/hashicorp/google\"]",
      "instances": [
        {
          "schema_version": 0,
          "attributes": {
            "auto_create_subnetworks": false,
            "delete_default_routes_on_create": false,
            "description": "",
            "enable_ula_internal_ipv6": false,
            "gateway_ipv4": "",
            "id": "projects/cloudkite-interviews-galgallo1/global/networks/vpc-main",
            "internal_ipv6_range": "",
            "mtu": 1500,
            "name": "vpc-main",
            "project": "cloudkite-interviews-galgallo1",
            "routing_mode": "REGIONAL",
            "self_link": "https://www.googleapis.com/compute/v1/projects/cloudkite-interviews-galgallo1/global/networks/vpc-main",
            "timeouts": null
          },
          "sensitive_attributes": [],
          "private": "eyJlMmJmYjczMC1lY2FhLTExZTYtOGY4OC0zNDM2M2JjN2M0YzAiOnsiY3JlYXRlIjoxMjAwMDAwMDAwMDAwLCJkZWxldGUiOjEyMDAwMDAwMDAwMDAsInVwZGF0ZSI6MTIwMDAwMDAwMDAwMH19"
        }
      ]
    },
    {
      "mode": "managed",
      "type": "google_compute_subnetwork",
      "name": "vpc-private",
      "provider": "provider[\"registry.terraform.io/hashicorp/google\"]",
      "instances": [
        {
          "schema_version": 0,
          "attributes": {
            "creation_timestamp": "2022-11-22T00:17:22.027-08:00",
            "description": "",
            "external_ipv6_prefix": "",
            "fingerprint": null,
            "gateway_address": "10.5.0.1",
            "id": "projects/cloudkite-interviews-galgallo1/regions/us-west2/subnetworks/vpc-private",
            "ip_cidr_range": "10.5.0.0/20",
            "ipv6_access_type": "",
            "ipv6_cidr_range": "",
            "log_config": [],
            "name": "vpc-private",
            "network": "https://www.googleapis.com/compute/v1/projects/cloudkite-interviews-galgallo1/global/networks/vpc-main",
            "private_ip_google_access": true,
            "private_ipv6_google_access": "DISABLE_GOOGLE_ACCESS",
            "project": "cloudkite-interviews-galgallo1",
            "purpose": "PRIVATE",
            "region": "us-west2",
            "role": "",
            "secondary_ip_range": [
              {
                "ip_cidr_range": "10.0.0.0/14",
                "range_name": "pod-ip-range"
              },
              {
                "ip_cidr_range": "10.4.0.0/19",
                "range_name": "services-ip-range"
              }
            ],
            "self_link": "https://www.googleapis.com/compute/v1/projects/cloudkite-interviews-galgallo1/regions/us-west2/subnetworks/vpc-private",
            "stack_type": "IPV4_ONLY",
            "timeouts": null
          },
          "sensitive_attributes": [],
          "private": "eyJlMmJmYjczMC1lY2FhLTExZTYtOGY4OC0zNDM2M2JjN2M0YzAiOnsiY3JlYXRlIjoxMjAwMDAwMDAwMDAwLCJkZWxldGUiOjEyMDAwMDAwMDAwMDAsInVwZGF0ZSI6MTIwMDAwMDAwMDAwMH19",
          "dependencies": [
            "google_compute_network.vpc-main"
          ]
        }
      ]
    },
    {
      "mode": "managed",
      "type": "google_container_cluster",
      "name": "gke-cluster",
      "provider": "provider[\"registry.terraform.io/hashicorp/google\"]",
      "instances": [
        {
          "schema_version": 1,
          "attributes": {
            "addons_config": [
              {
                "cloudrun_config": [],
                "dns_cache_config": [],
                "gce_persistent_disk_csi_driver_config": [
                  {
                    "enabled": true
                  }
                ],
                "gcp_filestore_csi_driver_config": [],
                "horizontal_pod_autoscaling": [],
                "http_load_balancing": [],
                "network_policy_config": [
                  {
                    "disabled": false
                  }
                ]
              }
            ],
            "authenticator_groups_config": [],
            "binary_authorization": [
              {
                "enabled": false,
                "evaluation_mode": ""
              }
            ],
            "cluster_autoscaling": [
              {
                "auto_provisioning_defaults": [],
                "enabled": false,
                "resource_limits": []
              }
            ],
            "cluster_ipv4_cidr": "10.0.0.0/14",
            "confidential_nodes": [],
            "cost_management_config": [],
            "database_encryption": [
              {
                "key_name": "",
                "state": "DECRYPTED"
              }
            ],
            "datapath_provider": "",
            "default_max_pods_per_node": 110,
            "default_snat_status": [
              {
                "disabled": false
              }
            ],
            "description": "",
            "dns_config": [],
            "enable_autopilot": false,
            "enable_binary_authorization": false,
            "enable_intranode_visibility": false,
            "enable_kubernetes_alpha": false,
            "enable_legacy_abac": false,
            "enable_shielded_nodes": true,
            "enable_tpu": false,
            "endpoint": "34.94.159.103",
            "id": "projects/cloudkite-interviews-galgallo1/locations/us-west2/clusters/gke-cluster",
            "initial_node_count": 1,
            "ip_allocation_policy": [
              {
                "cluster_ipv4_cidr_block": "10.0.0.0/14",
                "cluster_secondary_range_name": "pod-ip-range",
                "services_ipv4_cidr_block": "10.4.0.0/19",
                "services_secondary_range_name": "services-ip-range"
              }
            ],
            "label_fingerprint": "a9dc16a7",
            "location": "us-west2",
            "logging_config": [
              {
                "enable_components": [
                  "SYSTEM_COMPONENTS",
                  "WORKLOADS"
                ]
              }
            ],
            "logging_service": "logging.googleapis.com/kubernetes",
            "maintenance_policy": [],
            "master_auth": [
              {
                "client_certificate": "",
                "client_certificate_config": [
                  {
                    "issue_client_certificate": false
                  }
                ],
                "client_key": "",
                "cluster_ca_certificate": "LS0tLS1CRUdJTiBDRVJUSUZJQ0FURS0tLS0tCk1JSUVMVENDQXBXZ0F3SUJBZ0lSQUp3enNmSzBRdk9FbkZnNFNNRUM2QUV3RFFZSktvWklodmNOQVFFTEJRQXcKTHpFdE1Dc0dBMVVFQXhNa1kyTTBNMk5rWlRNdE1qYzRZeTAwTTJVM0xXRXlOVFl0T0RnME16WmlOVEV6WkdaagpNQ0FYRFRJeU1URXlNakEzTVRjME9Gb1lEekl3TlRJeE1URTBNRGd4TnpRNFdqQXZNUzB3S3dZRFZRUURFeVJqCll6UXpZMlJsTXkweU56aGpMVFF6WlRjdFlUSTFOaTA0T0RRek5tSTFNVE5rWm1Nd2dnR2lNQTBHQ1NxR1NJYjMKRFFFQkFRVUFBNElCandBd2dnR0tBb0lCZ1FDMVUveENEdWxsZVVyWDg3QWszdFVpeE1BdnY5MllFZFNicmNwOQo2NTJ0VmxEL3N0dXZaWmRuaFM4anVwQ2wzZUIyTWFZOEZhUk0yeXphOHpKMWNzclVzbVdPdkpLUkJoMEsyeUhSCnZOMkkrVzlCWmNGa3BZOTRudmxvR2c3NFB5MVJ6TnV2NHNTSE9DOC9PS2w3VXdIWW9kRUd5RFNtUUtvb0UzNnAKR0dvNlhoSkYxbGRqRkg1dUVoaWc4T2Vqd3V5c0EyZ2lweVl6elZUOUQ5dVd1UFlGdkMyV3pPTkJKeTJjQkZPUApJWkxHUEtzNENCbE9ZOGQySThMTUY0OFJpZzZxeEY1Z3hvOW9QNkdpZHM0RkJTbXE3TVFDWEw0MGVnbmlrUm1zCmtsVi9RUGl0M3dIRUdiVlRrVE1jMTZPRmh4cXN0QVZGLzh2U0UyNWFTdEVva1RQR0hOVkRkTkVyRmxRTXg5VkkKd05mMjFZSS9ybGVkdlUySFZxeWpaS1BhdVBibi9hb3R6UUtQRy9yMTQvcDFhM3ljenhtR29OTTVleUpuSUt6Rwp2enBTTlpCNUh2UTZzM3pYd0NsUm1YeHpkZllzWGIyRHFCTVZoQmd4TWNQdHV6dE1zUHlkbW0zQUVYYlBHSEZRCmlEa010U2dwZmo0bEwveHBjcG1BSEJhSXJyVUNBd0VBQWFOQ01FQXdEZ1lEVlIwUEFRSC9CQVFEQWdJRU1BOEcKQTFVZEV3RUIvd1FGTUFNQkFmOHdIUVlEVlIwT0JCWUVGTmpHOXlWMGFKVlZlNEFCSmY2bVV3V2RXZ1VNTUEwRwpDU3FHU0liM0RRRUJDd1VBQTRJQmdRQi9FUUJ2T0pSd0FaMjhTanp2SnRVR09vT0pxNm0zVStvSVczUTVjK1FnCkorNlZobVNQdG9MOS9ZSFE0K3NWZEJDYlU1K3pnbk9iSmExZVFTRmN5blRhSThtSWtEeUNXUXBYNWczaEVKL3UKWFlscFFJMXhJTHNrUWNJenliUXo3RXZ6dmwwV1Zsdnpmak1PZ0p6dHZnaHpEQVNTN1BqRmVCSm1oUDZWL0NLSwpLcFp0dm9ibXNrbzJXa1pvdmxnWFlGbUQrd0dnR3pXdXZSbS9LZWNSZkNINkN0dmh2ZjNIMjVmRWRPUVBLY0NKCjdZYWNqenpISlJqMzNuNXdyKzVENXJWWWFkRTlhNzU4WmxSalpINDMvQnE1ZDNjVm52QU1KajEvdnNEOXgvZTEKRURDcExJaS9DWDdnTVVFVFh6bXhDYWdoZDZUWUVJVGtteTE0Q2ZNcm9sVFFCaXNMbFFreXlGUlFWcjUycktlVApmWVFnZ0VmbkhCMENvSE85NnZ1RU9EekdxL3Z1UGRqNk1hSTc4RS84aHF6WVV3SHVHT0FGTDFjYzdCVyt2WXNqCllxSUJPdmh3N1FTcHRIRnhHbm10UzAxMkJZdms1Vk95aVlMZE5aSVFwRkZmb0ZXdlN0ZmpjcDVrUzN0M3psWjYKbXZEQ1cyN0VjQ2FFVTR0WVFUWk81Mlk9Ci0tLS0tRU5EIENFUlRJRklDQVRFLS0tLS0K"
              }
            ],
            "master_authorized_networks_config": [],
            "master_version": "1.23.12-gke.100",
            "mesh_certificates": [],
            "min_master_version": null,
            "monitoring_config": [
              {
                "enable_components": [
                  "SYSTEM_COMPONENTS"
                ]
              }
            ],
            "monitoring_service": "monitoring.googleapis.com/kubernetes",
            "name": "gke-cluster",
            "network": "projects/cloudkite-interviews-galgallo1/global/networks/vpc-main",
            "network_policy": [
              {
                "enabled": true,
                "provider": ""
              }
            ],
            "networking_mode": "VPC_NATIVE",
            "node_config": [
              {
                "boot_disk_kms_key": "",
                "disk_size_gb": 100,
                "disk_type": "pd-standard",
                "gcfs_config": [],
                "guest_accelerator": [],
                "gvnic": [],
                "image_type": "COS_CONTAINERD",
                "labels": {
                  "app": "wordpress"
                },
                "local_ssd_count": 0,
                "machine_type": "e2-medium",
                "metadata": {
                  "disable-legacy-endpoints": "true"
                },
                "min_cpu_platform": "",
                "node_group": "",
                "oauth_scopes": [
                  "https://www.googleapis.com/auth/cloud-platform"
                ],
                "preemptible": false,
                "reservation_affinity": [],
                "service_account": "gke-service@cloudkite-interviews-galgallo1.iam.gserviceaccount.com",
                "shielded_instance_config": [
                  {
                    "enable_integrity_monitoring": true,
                    "enable_secure_boot": false
                  }
                ],
                "spot": false,
                "tags": [
                  "website",
                  "wordpress"
                ],
                "taint": [],
                "workload_metadata_config": []
              }
            ],
            "node_locations": [
              "us-west2-a",
              "us-west2-b",
              "us-west2-c"
            ],
            "node_pool": [
              {
                "autoscaling": [],
                "initial_node_count": 1,
                "instance_group_urls": [
                  "https://www.googleapis.com/compute/v1/projects/cloudkite-interviews-galgallo1/zones/us-west2-a/instanceGroupManagers/gke-gke-cluster-general-26937ec6-grp",
                  "https://www.googleapis.com/compute/v1/projects/cloudkite-interviews-galgallo1/zones/us-west2-b/instanceGroupManagers/gke-gke-cluster-general-54749cdb-grp",
                  "https://www.googleapis.com/compute/v1/projects/cloudkite-interviews-galgallo1/zones/us-west2-c/instanceGroupManagers/gke-gke-cluster-general-f380cfcb-grp"
                ],
                "managed_instance_group_urls": [
                  "https://www.googleapis.com/compute/v1/projects/cloudkite-interviews-galgallo1/zones/us-west2-a/instanceGroups/gke-gke-cluster-general-26937ec6-grp",
                  "https://www.googleapis.com/compute/v1/projects/cloudkite-interviews-galgallo1/zones/us-west2-b/instanceGroups/gke-gke-cluster-general-54749cdb-grp",
                  "https://www.googleapis.com/compute/v1/projects/cloudkite-interviews-galgallo1/zones/us-west2-c/instanceGroups/gke-gke-cluster-general-f380cfcb-grp"
                ],
                "management": [
                  {
                    "auto_repair": true,
                    "auto_upgrade": true
                  }
                ],
                "max_pods_per_node": 110,
                "name": "general",
                "name_prefix": "",
                "node_config": [
                  {
                    "boot_disk_kms_key": "",
                    "disk_size_gb": 100,
                    "disk_type": "pd-standard",
                    "gcfs_config": [],
                    "guest_accelerator": [],
                    "gvnic": [],
                    "image_type": "COS_CONTAINERD",
                    "labels": {
                      "app": "wordpress"
                    },
                    "local_ssd_count": 0,
                    "machine_type": "e2-medium",
                    "metadata": {
                      "disable-legacy-endpoints": "true"
                    },
                    "min_cpu_platform": "",
                    "node_group": "",
                    "oauth_scopes": [
                      "https://www.googleapis.com/auth/cloud-platform"
                    ],
                    "preemptible": false,
                    "reservation_affinity": [],
                    "service_account": "gke-service@cloudkite-interviews-galgallo1.iam.gserviceaccount.com",
                    "shielded_instance_config": [
                      {
                        "enable_integrity_monitoring": true,
                        "enable_secure_boot": false
                      }
                    ],
                    "spot": false,
                    "tags": [
                      "website",
                      "wordpress"
                    ],
                    "taint": [],
                    "workload_metadata_config": []
                  }
                ],
                "node_count": 1,
                "node_locations": [
                  "us-west2-a",
                  "us-west2-b",
                  "us-west2-c"
                ],
                "upgrade_settings": [
                  {
                    "max_surge": 1,
                    "max_unavailable": 0
                  }
                ],
                "version": "1.23.12-gke.100"
              }
            ],
            "node_version": "1.23.12-gke.100",
            "notification_config": [
              {
                "pubsub": [
                  {
                    "enabled": false,
                    "filter": [],
                    "topic": ""
                  }
                ]
              }
            ],
            "operation": null,
            "private_cluster_config": [
              {
                "enable_private_endpoint": false,
                "enable_private_nodes": true,
                "master_global_access_config": [
                  {
                    "enabled": false
                  }
                ],
                "master_ipv4_cidr_block": "172.16.0.0/28",
                "peering_name": "gke-nb9995776847a79cecee-510f-b9c1-peer",
                "private_endpoint": "172.16.0.2",
                "public_endpoint": "34.94.159.103"
              }
            ],
            "private_ipv6_google_access": "",
            "project": "cloudkite-interviews-galgallo1",
            "release_channel": [
              {
                "channel": "REGULAR"
              }
            ],
            "remove_default_node_pool": true,
            "resource_labels": {},
            "resource_usage_export_config": [],
            "self_link": "https://container.googleapis.com/v1/projects/cloudkite-interviews-galgallo1/locations/us-west2/clusters/gke-cluster",
            "service_external_ips_config": [
              {
                "enabled": false
              }
            ],
            "services_ipv4_cidr": "10.4.0.0/19",
            "subnetwork": "projects/cloudkite-interviews-galgallo1/regions/us-west2/subnetworks/vpc-private",
            "timeouts": null,
            "tpu_ipv4_cidr_block": "",
            "vertical_pod_autoscaling": [],
            "workload_identity_config": []
          },
          "sensitive_attributes": [],
          "private": "eyJlMmJmYjczMC1lY2FhLTExZTYtOGY4OC0zNDM2M2JjN2M0YzAiOnsiY3JlYXRlIjoyNDAwMDAwMDAwMDAwLCJkZWxldGUiOjI0MDAwMDAwMDAwMDAsInJlYWQiOjI0MDAwMDAwMDAwMDAsInVwZGF0ZSI6MzYwMDAwMDAwMDAwMH0sInNjaGVtYV92ZXJzaW9uIjoiMSJ9",
          "dependencies": [
            "google_compute_network.vpc-main",
            "google_compute_subnetwork.vpc-private"
          ]
        }
      ]
    },
    {
      "mode": "managed",
      "type": "google_container_node_pool",
      "name": "general",
      "provider": "provider[\"registry.terraform.io/hashicorp/google\"]",
      "instances": [
        {
          "schema_version": 1,
          "attributes": {
            "autoscaling": [],
            "cluster": "gke-cluster",
            "id": "projects/cloudkite-interviews-galgallo1/locations/us-west2/clusters/gke-cluster/nodePools/general",
            "initial_node_count": 1,
            "instance_group_urls": [
              "https://www.googleapis.com/compute/v1/projects/cloudkite-interviews-galgallo1/zones/us-west2-a/instanceGroupManagers/gke-gke-cluster-general-26937ec6-grp",
              "https://www.googleapis.com/compute/v1/projects/cloudkite-interviews-galgallo1/zones/us-west2-b/instanceGroupManagers/gke-gke-cluster-general-54749cdb-grp",
              "https://www.googleapis.com/compute/v1/projects/cloudkite-interviews-galgallo1/zones/us-west2-c/instanceGroupManagers/gke-gke-cluster-general-f380cfcb-grp"
            ],
            "location": "us-west2",
            "managed_instance_group_urls": [
              "https://www.googleapis.com/compute/v1/projects/cloudkite-interviews-galgallo1/zones/us-west2-a/instanceGroups/gke-gke-cluster-general-26937ec6-grp",
              "https://www.googleapis.com/compute/v1/projects/cloudkite-interviews-galgallo1/zones/us-west2-b/instanceGroups/gke-gke-cluster-general-54749cdb-grp",
              "https://www.googleapis.com/compute/v1/projects/cloudkite-interviews-galgallo1/zones/us-west2-c/instanceGroups/gke-gke-cluster-general-f380cfcb-grp"
            ],
            "management": [
              {
                "auto_repair": true,
                "auto_upgrade": true
              }
            ],
            "max_pods_per_node": 110,
            "name": "general",
            "name_prefix": "",
            "node_config": [
              {
                "boot_disk_kms_key": "",
                "disk_size_gb": 100,
                "disk_type": "pd-standard",
                "gcfs_config": [],
                "guest_accelerator": [],
                "gvnic": [],
                "image_type": "COS_CONTAINERD",
                "labels": {
                  "app": "wordpress"
                },
                "local_ssd_count": 0,
                "machine_type": "e2-medium",
                "metadata": {
                  "disable-legacy-endpoints": "true"
                },
                "min_cpu_platform": "",
                "node_group": "",
                "oauth_scopes": [
                  "https://www.googleapis.com/auth/cloud-platform"
                ],
                "preemptible": false,
                "reservation_affinity": [],
                "service_account": "gke-service@cloudkite-interviews-galgallo1.iam.gserviceaccount.com",
                "shielded_instance_config": [
                  {
                    "enable_integrity_monitoring": true,
                    "enable_secure_boot": false
                  }
                ],
                "spot": false,
                "tags": [
                  "website",
                  "wordpress"
                ],
                "taint": [],
                "workload_metadata_config": []
              }
            ],
            "node_count": 1,
            "node_locations": [
              "us-west2-a",
              "us-west2-b",
              "us-west2-c"
            ],
            "operation": null,
            "project": "cloudkite-interviews-galgallo1",
            "timeouts": null,
            "upgrade_settings": [
              {
                "max_surge": 1,
                "max_unavailable": 0
              }
            ],
            "version": "1.23.12-gke.100"
          },
          "sensitive_attributes": [],
          "private": "eyJlMmJmYjczMC1lY2FhLTExZTYtOGY4OC0zNDM2M2JjN2M0YzAiOnsiY3JlYXRlIjoxODAwMDAwMDAwMDAwLCJkZWxldGUiOjE4MDAwMDAwMDAwMDAsInVwZGF0ZSI6MTgwMDAwMDAwMDAwMH0sInNjaGVtYV92ZXJzaW9uIjoiMSJ9",
          "dependencies": [
            "google_compute_network.vpc-main",
            "google_compute_subnetwork.vpc-private",
            "google_container_cluster.gke-cluster",
            "google_service_account.gke-service"
          ]
        }
      ]
    },
    {
      "mode": "managed",
      "type": "google_project_iam_member",
      "name": "cloudsql-proxy-sa",
      "provider": "provider[\"registry.terraform.io/hashicorp/google\"]",
      "instances": [
        {
          "schema_version": 0,
          "attributes": {
            "condition": [],
            "etag": "BwXuUxa42Cw=",
            "id": "cloudkite-interviews-galgallo1/roles/cloudsql.client/serviceAccount:cloudsql-proxy-sa@cloudkite-interviews-galgallo1.iam.gserviceaccount.com",
            "member": "serviceAccount:cloudsql-proxy-sa@cloudkite-interviews-galgallo1.iam.gserviceaccount.com",
            "project": "cloudkite-interviews-galgallo1",
            "role": "roles/cloudsql.client"
          },
          "sensitive_attributes": [],
          "private": "bnVsbA==",
          "dependencies": [
            "google_service_account.cloudsql-proxy-sa"
          ]
        }
      ]
    },
    {
      "mode": "managed",
      "type": "google_service_account",
      "name": "cloudsql-proxy-sa",
      "provider": "provider[\"registry.terraform.io/hashicorp/google\"]",
      "instances": [
        {
          "schema_version": 0,
          "attributes": {
            "account_id": "cloudsql-proxy-sa",
            "description": "",
            "disabled": false,
            "display_name": "",
            "email": "cloudsql-proxy-sa@cloudkite-interviews-galgallo1.iam.gserviceaccount.com",
            "id": "projects/cloudkite-interviews-galgallo1/serviceAccounts/cloudsql-proxy-sa@cloudkite-interviews-galgallo1.iam.gserviceaccount.com",
            "member": "serviceAccount:cloudsql-proxy-sa@cloudkite-interviews-galgallo1.iam.gserviceaccount.com",
            "name": "projects/cloudkite-interviews-galgallo1/serviceAccounts/cloudsql-proxy-sa@cloudkite-interviews-galgallo1.iam.gserviceaccount.com",
            "project": "cloudkite-interviews-galgallo1",
            "timeouts": null,
            "unique_id": "106328215636330083292"
          },
          "sensitive_attributes": [],
          "private": "eyJlMmJmYjczMC1lY2FhLTExZTYtOGY4OC0zNDM2M2JjN2M0YzAiOnsiY3JlYXRlIjozMDAwMDAwMDAwMDB9fQ=="
        }
      ]
    },
    {
      "mode": "managed",
      "type": "google_service_account",
      "name": "gke-service",
      "provider": "provider[\"registry.terraform.io/hashicorp/google\"]",
      "instances": [
        {
          "schema_version": 0,
          "attributes": {
            "account_id": "gke-service",
            "description": "",
            "disabled": false,
            "display_name": "",
            "email": "gke-service@cloudkite-interviews-galgallo1.iam.gserviceaccount.com",
            "id": "projects/cloudkite-interviews-galgallo1/serviceAccounts/gke-service@cloudkite-interviews-galgallo1.iam.gserviceaccount.com",
            "member": "serviceAccount:gke-service@cloudkite-interviews-galgallo1.iam.gserviceaccount.com",
            "name": "projects/cloudkite-interviews-galgallo1/serviceAccounts/gke-service@cloudkite-interviews-galgallo1.iam.gserviceaccount.com",
            "project": "cloudkite-interviews-galgallo1",
            "timeouts": null,
            "unique_id": "102644404969332905391"
          },
          "sensitive_attributes": [],
          "private": "eyJlMmJmYjczMC1lY2FhLTExZTYtOGY4OC0zNDM2M2JjN2M0YzAiOnsiY3JlYXRlIjozMDAwMDAwMDAwMDB9fQ=="
        }
      ]
    },
    {
      "mode": "managed",
      "type": "google_sql_database",
      "name": "database",
      "provider": "provider[\"registry.terraform.io/hashicorp/google\"]",
      "instances": [
        {
          "schema_version": 0,
          "attributes": {
            "charset": "utf8",
            "collation": "utf8_general_ci",
            "id": "projects/cloudkite-interviews-galgallo1/instances/my-database-instance42/databases/wordpress",
            "instance": "my-database-instance42",
            "name": "wordpress",
            "project": "cloudkite-interviews-galgallo1",
            "self_link": "https://sqladmin.googleapis.com/sql/v1beta4/projects/cloudkite-interviews-galgallo1/instances/my-database-instance42/databases/wordpress",
            "timeouts": null
          },
          "sensitive_attributes": [],
          "private": "eyJlMmJmYjczMC1lY2FhLTExZTYtOGY4OC0zNDM2M2JjN2M0YzAiOnsiY3JlYXRlIjoxMjAwMDAwMDAwMDAwLCJkZWxldGUiOjEyMDAwMDAwMDAwMDAsInVwZGF0ZSI6MTIwMDAwMDAwMDAwMH19",
          "dependencies": [
            "google_sql_database_instance.instance"
          ]
        }
      ]
    },
    {
      "mode": "managed",
      "type": "google_sql_database_instance",
      "name": "instance",
      "provider": "provider[\"registry.terraform.io/hashicorp/google\"]",
      "instances": [
        {
          "schema_version": 0,
          "attributes": {
            "available_maintenance_versions": [],
            "clone": [],
            "connection_name": "cloudkite-interviews-galgallo1:us-west2:my-database-instance42",
            "database_version": "MYSQL_5_7",
            "deletion_protection": true,
            "encryption_key_name": null,
            "first_ip_address": "34.102.106.95",
            "id": "my-database-instance42",
            "ip_address": [
              {
                "ip_address": "34.102.106.95",
                "time_to_retire": "",
                "type": "PRIMARY"
              }
            ],
            "maintenance_version": "MYSQL_5_7_39.R20221108.00_01",
            "master_instance_name": "",
            "name": "my-database-instance42",
            "private_ip_address": "",
            "project": "cloudkite-interviews-galgallo1",
            "public_ip_address": "34.102.106.95",
            "region": "us-west2",
            "replica_configuration": [],
            "restore_backup_context": [],
            "root_password": null,
            "self_link": "https://sqladmin.googleapis.com/sql/v1beta4/projects/cloudkite-interviews-galgallo1/instances/my-database-instance42",
            "server_ca_cert": [
              {
                "cert": "-----BEGIN CERTIFICATE-----\nMIIDfzCCAmegAwIBAgIBADANBgkqhkiG9w0BAQsFADB3MS0wKwYDVQQuEyQzZDEy\nN2I5Yy0xMzkyLTQ0YTctOWRjYy1jZDUwMTRmZDY5MDAxIzAhBgNVBAMTGkdvb2ds\nZSBDbG91ZCBTUUwgU2VydmVyIENBMRQwEgYDVQQKEwtHb29nbGUsIEluYzELMAkG\nA1UEBhMCVVMwHhcNMjIxMTIyMDgxNzMzWhcNMzIxMTE5MDgxODMzWjB3MS0wKwYD\nVQQuEyQzZDEyN2I5Yy0xMzkyLTQ0YTctOWRjYy1jZDUwMTRmZDY5MDAxIzAhBgNV\nBAMTGkdvb2dsZSBDbG91ZCBTUUwgU2VydmVyIENBMRQwEgYDVQQKEwtHb29nbGUs\nIEluYzELMAkGA1UEBhMCVVMwggEiMA0GCSqGSIb3DQEBAQUAA4IBDwAwggEKAoIB\nAQCS0MbmbdFzfBsR6sM6lTJZy2TgqdSAFJyxBrOIAyvt+LquPtxIU7eUyuKmdwyt\nB5oTKP54Jz8nVCrUwkkE5hyXAcX7mkGvXq9miN24NvRaCeE3OsbXDtHKj8RrY+pZ\n6kW0idKaeyMsrUsLq3tm/7Etn6URDVS8gllUIOjTTTKTuUoeizYXabf30SOC0C/L\nI1ecp1HUBWboTecSAR6MpwlSyhBhE2u5f4aOo159e1l4Vs0FowjN2g+ttCjTkkMD\n41WOA7xmC+arBowTSfKcraS3hiFrxhkLBCR2m9iQ1BP3MP0TOB350ScXwsqioVsy\nE0r04cD6vh92wPB8NnM5fA1tAgMBAAGjFjAUMBIGA1UdEwEB/wQIMAYBAf8CAQAw\nDQYJKoZIhvcNAQELBQADggEBAGvPRh6SzLmoU+a+/ezELgCBCWwEYROR+apsXPtG\ninXhJ+1h0aEEuCXeHcFwIFrAXeHH6r5iPfjsDXKNxTjqV0Fd+h12M4IWu7KGMfNi\nJmCDfJepx88ce/pt5plgEBM1Xpz7T/2DlT7VaWNTVue2z0XWBU55at6N35DY1txt\nJ9fAqZtqf2GJB6Sa+iEqghgWoB+GFiu2KeW+Xw0OuFB2TYnOWZ/2/FOfbzSYDxF9\n2i99nhaD5NZPJX7WVRvIxpOOFKwyXTPv4gPGQGK9IIJypwb317R3yhMUxfaWS6K6\nnsVyuwYL9Z1DQY/xhAy4aXPQvWnmoc8jk4txJcaox0yfDUc=\n-----END CERTIFICATE-----",
                "common_name": "C=US,O=Google\\, Inc,CN=Google Cloud SQL Server CA,dnQualifier=3d127b9c-1392-44a7-9dcc-cd5014fd6900",
                "create_time": "2022-11-22T08:17:33.283Z",
                "expiration_time": "2032-11-19T08:18:33.283Z",
                "sha1_fingerprint": "6b825d14f3759cb679fc51a8a3466bd14bd7ec81"
              }
            ],
            "service_account_email_address": "p963271698911-b8abx3@gcp-sa-cloud-sql.iam.gserviceaccount.com",
            "settings": [
              {
                "activation_policy": "ALWAYS",
                "active_directory_config": [],
                "availability_type": "ZONAL",
                "backup_configuration": [
                  {
                    "backup_retention_settings": [
                      {
                        "retained_backups": 7,
                        "retention_unit": "COUNT"
                      }
                    ],
                    "binary_log_enabled": false,
                    "enabled": false,
                    "location": "",
                    "point_in_time_recovery_enabled": false,
                    "start_time": "01:00",
                    "transaction_log_retention_days": 7
                  }
                ],
                "collation": "",
                "database_flags": [],
                "disk_autoresize": true,
                "disk_autoresize_limit": 0,
                "disk_size": 10,
                "disk_type": "PD_SSD",
                "insights_config": [],
                "ip_configuration": [
                  {
                    "allocated_ip_range": "",
                    "authorized_networks": [
                      {
                        "expiration_time": "",
                        "name": "public  network",
                        "value": "0.0.0.0/0"
                      }
                    ],
                    "ipv4_enabled": true,
                    "private_network": "",
                    "require_ssl": false
                  }
                ],
                "location_preference": [
                  {
                    "follow_gae_application": "",
                    "secondary_zone": "",
                    "zone": "us-west2-a"
                  }
                ],
                "maintenance_window": [],
                "password_validation_policy": [],
                "pricing_plan": "PER_USE",
                "sql_server_audit_config": [],
                "tier": "db-f1-micro",
                "time_zone": "",
                "user_labels": {},
                "version": 9
              }
            ],
            "timeouts": null
          },
          "sensitive_attributes": [],
          "private": "eyJlMmJmYjczMC1lY2FhLTExZTYtOGY4OC0zNDM2M2JjN2M0YzAiOnsiY3JlYXRlIjoxODAwMDAwMDAwMDAwLCJkZWxldGUiOjE4MDAwMDAwMDAwMDAsInVwZGF0ZSI6MTgwMDAwMDAwMDAwMH19"
        }
      ]
    },
    {
      "mode": "managed",
      "type": "google_sql_user",
      "name": "users",
      "provider": "provider[\"registry.terraform.io/hashicorp/google\"]",
      "instances": [
        {
          "schema_version": 1,
          "attributes": {
            "deletion_policy": null,
            "host": "",
            "id": "wordpress//my-database-instance42",
            "instance": "my-database-instance42",
            "name": "wordpress",
            "password": "wordpress",
            "password_policy": [],
            "project": "cloudkite-interviews-galgallo1",
            "sql_server_user_details": [],
            "timeouts": null,
            "type": ""
          },
          "sensitive_attributes": [],
          "private": "eyJlMmJmYjczMC1lY2FhLTExZTYtOGY4OC0zNDM2M2JjN2M0YzAiOnsiY3JlYXRlIjo2MDAwMDAwMDAwMDAsImRlbGV0ZSI6NjAwMDAwMDAwMDAwLCJ1cGRhdGUiOjYwMDAwMDAwMDAwMH0sInNjaGVtYV92ZXJzaW9uIjoiMSJ9",
          "dependencies": [
            "google_sql_database_instance.instance"
          ]
        }
      ]
    }
  ],
  "check_results": null
}
